
Microsoft Visual Studio Solution File, Format Version 12.00
# Visual Studio 15
VisualStudioVersion = 15.0.26124.0
MinimumVisualStudioVersion = 15.0.26124.0
Project("{2150E333-8FDC-42A3-9474-1A3956D46DE8}") = "EntityFrameworkCore", "EntityFrameworkCore", "{C213DB37-B4EE-4279-BBD3-3C2F4E9A0F20}"
EndProject
Project("{FAE04EC0-301F-11D3-BF4B-00C04F79EFBC}") = "Microsoft.AspNetCore.Identity.EntityFrameworkCore", "EntityFrameworkCore\src\Microsoft.AspNetCore.Identity.EntityFrameworkCore.csproj", "{E554B695-A85B-45F0-9ABD-D3988533767E}"
EndProject
Project("{FAE04EC0-301F-11D3-BF4B-00C04F79EFBC}") = "Microsoft.AspNetCore.Identity.EntityFrameworkCore.Test", "EntityFrameworkCore\test\Microsoft.AspNetCore.Identity.EntityFrameworkCore.Test.csproj", "{1ADC139B-88B3-4839-B66F-FE734F286ED0}"
EndProject
Project("{2150E333-8FDC-42A3-9474-1A3956D46DE8}") = "Identity", "Identity", "{C3385767-1174-4BD2-AC91-CF29E156380D}"
EndProject
Project("{FAE04EC0-301F-11D3-BF4B-00C04F79EFBC}") = "Microsoft.AspNetCore.Identity", "Identity\src\Microsoft.AspNetCore.Identity.csproj", "{8D2FE5DB-E9A0-42C1-8864-362CCF7682CC}"
EndProject
Project("{FAE04EC0-301F-11D3-BF4B-00C04F79EFBC}") = "Microsoft.AspNetCore.Identity.Test", "Identity\test\Microsoft.AspNetCore.Identity.Test.csproj", "{68532161-53C4-408C-8A66-11B32A7D9009}"
EndProject
Project("{2150E333-8FDC-42A3-9474-1A3956D46DE8}") = "samples", "samples", "{3D09485E-0BE7-4B25-A008-DFB29880D867}"
EndProject
Project("{FAE04EC0-301F-11D3-BF4B-00C04F79EFBC}") = "IdentitySample.DefaultUI", "samples\IdentitySample.DefaultUI\IdentitySample.DefaultUI.csproj", "{9185248D-8A98-4362-B176-7DCD1E59BA10}"
EndProject
Project("{FAE04EC0-301F-11D3-BF4B-00C04F79EFBC}") = "IdentitySample.Mvc", "samples\IdentitySample.Mvc\IdentitySample.Mvc.csproj", "{F4B2541E-40ED-4AA7-BB80-ADBCABB18D9D}"
EndProject
Project("{FAE04EC0-301F-11D3-BF4B-00C04F79EFBC}") = "NativeWPFClient", "samples\NativeWPFClient\NativeWPFClient.csproj", "{39AA4E4D-5E62-4213-8641-BF8012D45DE4}"
EndProject
Project("{2150E333-8FDC-42A3-9474-1A3956D46DE8}") = "Specification.Tests", "Specification.Tests", "{F426A08D-2F5D-4922-9523-DF26BA5D9B18}"
EndProject
Project("{FAE04EC0-301F-11D3-BF4B-00C04F79EFBC}") = "Microsoft.AspNetCore.Identity.Specification.Tests", "Specification.Tests\src\Microsoft.AspNetCore.Identity.Specification.Tests.csproj", "{26E1F758-EFD2-4829-AB11-3507ACFB3EA0}"
EndProject
Project("{FAE04EC0-301F-11D3-BF4B-00C04F79EFBC}") = "Microsoft.AspNetCore.Identity.InMemory.Test", "Specification.Tests\test\Microsoft.AspNetCore.Identity.InMemory.Test.csproj", "{A4752A6B-BA3E-43E5-95CA-CF469247F4D5}"
EndProject
Project("{2150E333-8FDC-42A3-9474-1A3956D46DE8}") = "test", "test", "{4263E30B-AE53-4C20-BFFF-C59872D92EFF}"
EndProject
Project("{FAE04EC0-301F-11D3-BF4B-00C04F79EFBC}") = "Microsoft.AspNetCore.Identity.FunctionalTests", "test\FunctionalTests\Microsoft.AspNetCore.Identity.FunctionalTests.csproj", "{F64B8E6D-1B85-48D6-9B44-11F83D2BA023}"
EndProject
Project("{2150E333-8FDC-42A3-9474-1A3956D46DE8}") = "testassets", "testassets", "{6BB007C3-0180-4436-A614-6EC2587D88BF}"
EndProject
Project("{FAE04EC0-301F-11D3-BF4B-00C04F79EFBC}") = "Identity.DefaultUI.WebSite", "test\testassets\Identity.DefaultUI.WebSite\Identity.DefaultUI.WebSite.csproj", "{04D6FD84-21F9-47AE-88CE-4B7A58C4B677}"
EndProject
Project("{2150E333-8FDC-42A3-9474-1A3956D46DE8}") = "UI", "UI", "{5235BC6B-8EEF-4137-B6F6-F246A94E1A37}"
EndProject
Project("{FAE04EC0-301F-11D3-BF4B-00C04F79EFBC}") = "Microsoft.AspNetCore.Identity.UI", "UI\src\Microsoft.AspNetCore.Identity.UI.csproj", "{78C97762-813E-4AF5-879E-16E67510B882}"
EndProject
Global
	GlobalSection(SolutionConfigurationPlatforms) = preSolution
		Debug|Any CPU = Debug|Any CPU
		Debug|x64 = Debug|x64
		Debug|x86 = Debug|x86
		Release|Any CPU = Release|Any CPU
		Release|x64 = Release|x64
		Release|x86 = Release|x86
	EndGlobalSection
	GlobalSection(SolutionProperties) = preSolution
		HideSolutionNode = FALSE
	EndGlobalSection
	GlobalSection(ProjectConfigurationPlatforms) = postSolution
		{E554B695-A85B-45F0-9ABD-D3988533767E}.Debug|Any CPU.ActiveCfg = Debug|Any CPU
		{E554B695-A85B-45F0-9ABD-D3988533767E}.Debug|Any CPU.Build.0 = Debug|Any CPU
		{E554B695-A85B-45F0-9ABD-D3988533767E}.Debug|x64.ActiveCfg = Debug|Any CPU
		{E554B695-A85B-45F0-9ABD-D3988533767E}.Debug|x64.Build.0 = Debug|Any CPU
		{E554B695-A85B-45F0-9ABD-D3988533767E}.Debug|x86.ActiveCfg = Debug|Any CPU
		{E554B695-A85B-45F0-9ABD-D3988533767E}.Debug|x86.Build.0 = Debug|Any CPU
		{E554B695-A85B-45F0-9ABD-D3988533767E}.Release|Any CPU.ActiveCfg = Release|Any CPU
		{E554B695-A85B-45F0-9ABD-D3988533767E}.Release|Any CPU.Build.0 = Release|Any CPU
		{E554B695-A85B-45F0-9ABD-D3988533767E}.Release|x64.ActiveCfg = Release|Any CPU
		{E554B695-A85B-45F0-9ABD-D3988533767E}.Release|x64.Build.0 = Release|Any CPU
		{E554B695-A85B-45F0-9ABD-D3988533767E}.Release|x86.ActiveCfg = Release|Any CPU
		{E554B695-A85B-45F0-9ABD-D3988533767E}.Release|x86.Build.0 = Release|Any CPU
		{1ADC139B-88B3-4839-B66F-FE734F286ED0}.Debug|Any CPU.ActiveCfg = Debug|Any CPU
		{1ADC139B-88B3-4839-B66F-FE734F286ED0}.Debug|Any CPU.Build.0 = Debug|Any CPU
		{1ADC139B-88B3-4839-B66F-FE734F286ED0}.Debug|x64.ActiveCfg = Debug|Any CPU
		{1ADC139B-88B3-4839-B66F-FE734F286ED0}.Debug|x64.Build.0 = Debug|Any CPU
		{1ADC139B-88B3-4839-B66F-FE734F286ED0}.Debug|x86.ActiveCfg = Debug|Any CPU
		{1ADC139B-88B3-4839-B66F-FE734F286ED0}.Debug|x86.Build.0 = Debug|Any CPU
		{1ADC139B-88B3-4839-B66F-FE734F286ED0}.Release|Any CPU.ActiveCfg = Release|Any CPU
		{1ADC139B-88B3-4839-B66F-FE734F286ED0}.Release|Any CPU.Build.0 = Release|Any CPU
		{1ADC139B-88B3-4839-B66F-FE734F286ED0}.Release|x64.ActiveCfg = Release|Any CPU
		{1ADC139B-88B3-4839-B66F-FE734F286ED0}.Release|x64.Build.0 = Release|Any CPU
		{1ADC139B-88B3-4839-B66F-FE734F286ED0}.Release|x86.ActiveCfg = Release|Any CPU
		{1ADC139B-88B3-4839-B66F-FE734F286ED0}.Release|x86.Build.0 = Release|Any CPU
		{8D2FE5DB-E9A0-42C1-8864-362CCF7682CC}.Debug|Any CPU.ActiveCfg = Debug|Any CPU
		{8D2FE5DB-E9A0-42C1-8864-362CCF7682CC}.Debug|Any CPU.Build.0 = Debug|Any CPU
		{8D2FE5DB-E9A0-42C1-8864-362CCF7682CC}.Debug|x64.ActiveCfg = Debug|Any CPU
		{8D2FE5DB-E9A0-42C1-8864-362CCF7682CC}.Debug|x64.Build.0 = Debug|Any CPU
		{8D2FE5DB-E9A0-42C1-8864-362CCF7682CC}.Debug|x86.ActiveCfg = Debug|Any CPU
		{8D2FE5DB-E9A0-42C1-8864-362CCF7682CC}.Debug|x86.Build.0 = Debug|Any CPU
		{8D2FE5DB-E9A0-42C1-8864-362CCF7682CC}.Release|Any CPU.ActiveCfg = Release|Any CPU
		{8D2FE5DB-E9A0-42C1-8864-362CCF7682CC}.Release|Any CPU.Build.0 = Release|Any CPU
		{8D2FE5DB-E9A0-42C1-8864-362CCF7682CC}.Release|x64.ActiveCfg = Release|Any CPU
		{8D2FE5DB-E9A0-42C1-8864-362CCF7682CC}.Release|x64.Build.0 = Release|Any CPU
		{8D2FE5DB-E9A0-42C1-8864-362CCF7682CC}.Release|x86.ActiveCfg = Release|Any CPU
		{8D2FE5DB-E9A0-42C1-8864-362CCF7682CC}.Release|x86.Build.0 = Release|Any CPU
		{68532161-53C4-408C-8A66-11B32A7D9009}.Debug|Any CPU.ActiveCfg = Debug|Any CPU
		{68532161-53C4-408C-8A66-11B32A7D9009}.Debug|Any CPU.Build.0 = Debug|Any CPU
		{68532161-53C4-408C-8A66-11B32A7D9009}.Debug|x64.ActiveCfg = Debug|Any CPU
		{68532161-53C4-408C-8A66-11B32A7D9009}.Debug|x64.Build.0 = Debug|Any CPU
		{68532161-53C4-408C-8A66-11B32A7D9009}.Debug|x86.ActiveCfg = Debug|Any CPU
		{68532161-53C4-408C-8A66-11B32A7D9009}.Debug|x86.Build.0 = Debug|Any CPU
		{68532161-53C4-408C-8A66-11B32A7D9009}.Release|Any CPU.ActiveCfg = Release|Any CPU
		{68532161-53C4-408C-8A66-11B32A7D9009}.Release|Any CPU.Build.0 = Release|Any CPU
		{68532161-53C4-408C-8A66-11B32A7D9009}.Release|x64.ActiveCfg = Release|Any CPU
		{68532161-53C4-408C-8A66-11B32A7D9009}.Release|x64.Build.0 = Release|Any CPU
		{68532161-53C4-408C-8A66-11B32A7D9009}.Release|x86.ActiveCfg = Release|Any CPU
		{68532161-53C4-408C-8A66-11B32A7D9009}.Release|x86.Build.0 = Release|Any CPU
		{9185248D-8A98-4362-B176-7DCD1E59BA10}.Debug|Any CPU.ActiveCfg = Debug|Any CPU
		{9185248D-8A98-4362-B176-7DCD1E59BA10}.Debug|Any CPU.Build.0 = Debug|Any CPU
		{9185248D-8A98-4362-B176-7DCD1E59BA10}.Debug|x64.ActiveCfg = Debug|Any CPU
		{9185248D-8A98-4362-B176-7DCD1E59BA10}.Debug|x64.Build.0 = Debug|Any CPU
		{9185248D-8A98-4362-B176-7DCD1E59BA10}.Debug|x86.ActiveCfg = Debug|Any CPU
		{9185248D-8A98-4362-B176-7DCD1E59BA10}.Debug|x86.Build.0 = Debug|Any CPU
		{9185248D-8A98-4362-B176-7DCD1E59BA10}.Release|Any CPU.ActiveCfg = Release|Any CPU
		{9185248D-8A98-4362-B176-7DCD1E59BA10}.Release|Any CPU.Build.0 = Release|Any CPU
		{9185248D-8A98-4362-B176-7DCD1E59BA10}.Release|x64.ActiveCfg = Release|Any CPU
		{9185248D-8A98-4362-B176-7DCD1E59BA10}.Release|x64.Build.0 = Release|Any CPU
		{9185248D-8A98-4362-B176-7DCD1E59BA10}.Release|x86.ActiveCfg = Release|Any CPU
		{9185248D-8A98-4362-B176-7DCD1E59BA10}.Release|x86.Build.0 = Release|Any CPU
		{F4B2541E-40ED-4AA7-BB80-ADBCABB18D9D}.Debug|Any CPU.ActiveCfg = Debug|Any CPU
		{F4B2541E-40ED-4AA7-BB80-ADBCABB18D9D}.Debug|Any CPU.Build.0 = Debug|Any CPU
		{F4B2541E-40ED-4AA7-BB80-ADBCABB18D9D}.Debug|x64.ActiveCfg = Debug|Any CPU
		{F4B2541E-40ED-4AA7-BB80-ADBCABB18D9D}.Debug|x64.Build.0 = Debug|Any CPU
		{F4B2541E-40ED-4AA7-BB80-ADBCABB18D9D}.Debug|x86.ActiveCfg = Debug|Any CPU
		{F4B2541E-40ED-4AA7-BB80-ADBCABB18D9D}.Debug|x86.Build.0 = Debug|Any CPU
		{F4B2541E-40ED-4AA7-BB80-ADBCABB18D9D}.Release|Any CPU.ActiveCfg = Release|Any CPU
		{F4B2541E-40ED-4AA7-BB80-ADBCABB18D9D}.Release|Any CPU.Build.0 = Release|Any CPU
		{F4B2541E-40ED-4AA7-BB80-ADBCABB18D9D}.Release|x64.ActiveCfg = Release|Any CPU
		{F4B2541E-40ED-4AA7-BB80-ADBCABB18D9D}.Release|x64.Build.0 = Release|Any CPU
		{F4B2541E-40ED-4AA7-BB80-ADBCABB18D9D}.Release|x86.ActiveCfg = Release|Any CPU
		{F4B2541E-40ED-4AA7-BB80-ADBCABB18D9D}.Release|x86.Build.0 = Release|Any CPU
		{39AA4E4D-5E62-4213-8641-BF8012D45DE4}.Debug|Any CPU.ActiveCfg = Debug|Any CPU
		{39AA4E4D-5E62-4213-8641-BF8012D45DE4}.Debug|Any CPU.Build.0 = Debug|Any CPU
		{39AA4E4D-5E62-4213-8641-BF8012D45DE4}.Debug|x64.ActiveCfg = Debug|Any CPU
		{39AA4E4D-5E62-4213-8641-BF8012D45DE4}.Debug|x64.Build.0 = Debug|Any CPU
		{39AA4E4D-5E62-4213-8641-BF8012D45DE4}.Debug|x86.ActiveCfg = Debug|Any CPU
		{39AA4E4D-5E62-4213-8641-BF8012D45DE4}.Debug|x86.Build.0 = Debug|Any CPU
		{39AA4E4D-5E62-4213-8641-BF8012D45DE4}.Release|Any CPU.ActiveCfg = Debug|Any CPU
		{39AA4E4D-5E62-4213-8641-BF8012D45DE4}.Release|Any CPU.Build.0 = Debug|Any CPU
		{39AA4E4D-5E62-4213-8641-BF8012D45DE4}.Release|x64.ActiveCfg = Debug|Any CPU
		{39AA4E4D-5E62-4213-8641-BF8012D45DE4}.Release|x64.Build.0 = Debug|Any CPU
		{39AA4E4D-5E62-4213-8641-BF8012D45DE4}.Release|x86.ActiveCfg = Debug|Any CPU
		{39AA4E4D-5E62-4213-8641-BF8012D45DE4}.Release|x86.Build.0 = Debug|Any CPU
		{26E1F758-EFD2-4829-AB11-3507ACFB3EA0}.Debug|Any CPU.ActiveCfg = Debug|Any CPU
		{26E1F758-EFD2-4829-AB11-3507ACFB3EA0}.Debug|Any CPU.Build.0 = Debug|Any CPU
		{26E1F758-EFD2-4829-AB11-3507ACFB3EA0}.Debug|x64.ActiveCfg = Debug|Any CPU
		{26E1F758-EFD2-4829-AB11-3507ACFB3EA0}.Debug|x64.Build.0 = Debug|Any CPU
		{26E1F758-EFD2-4829-AB11-3507ACFB3EA0}.Debug|x86.ActiveCfg = Debug|Any CPU
		{26E1F758-EFD2-4829-AB11-3507ACFB3EA0}.Debug|x86.Build.0 = Debug|Any CPU
		{26E1F758-EFD2-4829-AB11-3507ACFB3EA0}.Release|Any CPU.ActiveCfg = Release|Any CPU
		{26E1F758-EFD2-4829-AB11-3507ACFB3EA0}.Release|Any CPU.Build.0 = Release|Any CPU
		{26E1F758-EFD2-4829-AB11-3507ACFB3EA0}.Release|x64.ActiveCfg = Release|Any CPU
		{26E1F758-EFD2-4829-AB11-3507ACFB3EA0}.Release|x64.Build.0 = Release|Any CPU
		{26E1F758-EFD2-4829-AB11-3507ACFB3EA0}.Release|x86.ActiveCfg = Release|Any CPU
		{26E1F758-EFD2-4829-AB11-3507ACFB3EA0}.Release|x86.Build.0 = Release|Any CPU
		{A4752A6B-BA3E-43E5-95CA-CF469247F4D5}.Debug|Any CPU.ActiveCfg = Debug|Any CPU
		{A4752A6B-BA3E-43E5-95CA-CF469247F4D5}.Debug|Any CPU.Build.0 = Debug|Any CPU
		{A4752A6B-BA3E-43E5-95CA-CF469247F4D5}.Debug|x64.ActiveCfg = Debug|Any CPU
		{A4752A6B-BA3E-43E5-95CA-CF469247F4D5}.Debug|x64.Build.0 = Debug|Any CPU
		{A4752A6B-BA3E-43E5-95CA-CF469247F4D5}.Debug|x86.ActiveCfg = Debug|Any CPU
		{A4752A6B-BA3E-43E5-95CA-CF469247F4D5}.Debug|x86.Build.0 = Debug|Any CPU
		{A4752A6B-BA3E-43E5-95CA-CF469247F4D5}.Release|Any CPU.ActiveCfg = Release|Any CPU
		{A4752A6B-BA3E-43E5-95CA-CF469247F4D5}.Release|Any CPU.Build.0 = Release|Any CPU
		{A4752A6B-BA3E-43E5-95CA-CF469247F4D5}.Release|x64.ActiveCfg = Release|Any CPU
		{A4752A6B-BA3E-43E5-95CA-CF469247F4D5}.Release|x64.Build.0 = Release|Any CPU
		{A4752A6B-BA3E-43E5-95CA-CF469247F4D5}.Release|x86.ActiveCfg = Release|Any CPU
		{A4752A6B-BA3E-43E5-95CA-CF469247F4D5}.Release|x86.Build.0 = Release|Any CPU
		{F64B8E6D-1B85-48D6-9B44-11F83D2BA023}.Debug|Any CPU.ActiveCfg = Debug|Any CPU
		{F64B8E6D-1B85-48D6-9B44-11F83D2BA023}.Debug|Any CPU.Build.0 = Debug|Any CPU
		{F64B8E6D-1B85-48D6-9B44-11F83D2BA023}.Debug|x64.ActiveCfg = Debug|Any CPU
		{F64B8E6D-1B85-48D6-9B44-11F83D2BA023}.Debug|x64.Build.0 = Debug|Any CPU
		{F64B8E6D-1B85-48D6-9B44-11F83D2BA023}.Debug|x86.ActiveCfg = Debug|Any CPU
		{F64B8E6D-1B85-48D6-9B44-11F83D2BA023}.Debug|x86.Build.0 = Debug|Any CPU
		{F64B8E6D-1B85-48D6-9B44-11F83D2BA023}.Release|Any CPU.ActiveCfg = Release|Any CPU
		{F64B8E6D-1B85-48D6-9B44-11F83D2BA023}.Release|Any CPU.Build.0 = Release|Any CPU
		{F64B8E6D-1B85-48D6-9B44-11F83D2BA023}.Release|x64.ActiveCfg = Release|Any CPU
		{F64B8E6D-1B85-48D6-9B44-11F83D2BA023}.Release|x64.Build.0 = Release|Any CPU
		{F64B8E6D-1B85-48D6-9B44-11F83D2BA023}.Release|x86.ActiveCfg = Release|Any CPU
		{F64B8E6D-1B85-48D6-9B44-11F83D2BA023}.Release|x86.Build.0 = Release|Any CPU
		{04D6FD84-21F9-47AE-88CE-4B7A58C4B677}.Debug|Any CPU.ActiveCfg = Debug|Any CPU
		{04D6FD84-21F9-47AE-88CE-4B7A58C4B677}.Debug|Any CPU.Build.0 = Debug|Any CPU
		{04D6FD84-21F9-47AE-88CE-4B7A58C4B677}.Debug|x64.ActiveCfg = Debug|Any CPU
		{04D6FD84-21F9-47AE-88CE-4B7A58C4B677}.Debug|x64.Build.0 = Debug|Any CPU
		{04D6FD84-21F9-47AE-88CE-4B7A58C4B677}.Debug|x86.ActiveCfg = Debug|Any CPU
		{04D6FD84-21F9-47AE-88CE-4B7A58C4B677}.Debug|x86.Build.0 = Debug|Any CPU
		{04D6FD84-21F9-47AE-88CE-4B7A58C4B677}.Release|Any CPU.ActiveCfg = Release|Any CPU
		{04D6FD84-21F9-47AE-88CE-4B7A58C4B677}.Release|Any CPU.Build.0 = Release|Any CPU
		{04D6FD84-21F9-47AE-88CE-4B7A58C4B677}.Release|x64.ActiveCfg = Release|Any CPU
		{04D6FD84-21F9-47AE-88CE-4B7A58C4B677}.Release|x64.Build.0 = Release|Any CPU
		{04D6FD84-21F9-47AE-88CE-4B7A58C4B677}.Release|x86.ActiveCfg = Release|Any CPU
		{04D6FD84-21F9-47AE-88CE-4B7A58C4B677}.Release|x86.Build.0 = Release|Any CPU
		{78C97762-813E-4AF5-879E-16E67510B882}.Debug|Any CPU.ActiveCfg = Debug|Any CPU
		{78C97762-813E-4AF5-879E-16E67510B882}.Debug|Any CPU.Build.0 = Debug|Any CPU
		{78C97762-813E-4AF5-879E-16E67510B882}.Debug|x64.ActiveCfg = Debug|Any CPU
		{78C97762-813E-4AF5-879E-16E67510B882}.Debug|x64.Build.0 = Debug|Any CPU
		{78C97762-813E-4AF5-879E-16E67510B882}.Debug|x86.ActiveCfg = Debug|Any CPU
		{78C97762-813E-4AF5-879E-16E67510B882}.Debug|x86.Build.0 = Debug|Any CPU
		{78C97762-813E-4AF5-879E-16E67510B882}.Release|Any CPU.ActiveCfg = Release|Any CPU
		{78C97762-813E-4AF5-879E-16E67510B882}.Release|Any CPU.Build.0 = Release|Any CPU
		{78C97762-813E-4AF5-879E-16E67510B882}.Release|x64.ActiveCfg = Release|Any CPU
		{78C97762-813E-4AF5-879E-16E67510B882}.Release|x64.Build.0 = Release|Any CPU
		{78C97762-813E-4AF5-879E-16E67510B882}.Release|x86.ActiveCfg = Release|Any CPU
		{78C97762-813E-4AF5-879E-16E67510B882}.Release|x86.Build.0 = Release|Any CPU
	EndGlobalSection
	GlobalSection(NestedProjects) = preSolution
		{E554B695-A85B-45F0-9ABD-D3988533767E} = {C213DB37-B4EE-4279-BBD3-3C2F4E9A0F20}
		{1ADC139B-88B3-4839-B66F-FE734F286ED0} = {C213DB37-B4EE-4279-BBD3-3C2F4E9A0F20}
		{8D2FE5DB-E9A0-42C1-8864-362CCF7682CC} = {C3385767-1174-4BD2-AC91-CF29E156380D}
		{68532161-53C4-408C-8A66-11B32A7D9009} = {C3385767-1174-4BD2-AC91-CF29E156380D}
		{9185248D-8A98-4362-B176-7DCD1E59BA10} = {3D09485E-0BE7-4B25-A008-DFB29880D867}
		{F4B2541E-40ED-4AA7-BB80-ADBCABB18D9D} = {3D09485E-0BE7-4B25-A008-DFB29880D867}
		{39AA4E4D-5E62-4213-8641-BF8012D45DE4} = {3D09485E-0BE7-4B25-A008-DFB29880D867}
		{26E1F758-EFD2-4829-AB11-3507ACFB3EA0} = {F426A08D-2F5D-4922-9523-DF26BA5D9B18}
		{A4752A6B-BA3E-43E5-95CA-CF469247F4D5} = {F426A08D-2F5D-4922-9523-DF26BA5D9B18}
		{F64B8E6D-1B85-48D6-9B44-11F83D2BA023} = {4263E30B-AE53-4C20-BFFF-C59872D92EFF}
		{6BB007C3-0180-4436-A614-6EC2587D88BF} = {4263E30B-AE53-4C20-BFFF-C59872D92EFF}
		{04D6FD84-21F9-47AE-88CE-4B7A58C4B677} = {6BB007C3-0180-4436-A614-6EC2587D88BF}
		{78C97762-813E-4AF5-879E-16E67510B882} = {5235BC6B-8EEF-4137-B6F6-F246A94E1A37}
	EndGlobalSection
EndGlobal
